
Microsoft Visual Studio Solution File, Format Version 12.00
# Visual Studio 14
VisualStudioVersion = 14.0.25420.1
MinimumVisualStudioVersion = 10.0.40219.1
Project("{FAE04EC0-301F-11D3-BF4B-00C04F79EFBC}") = "CatchMeGame", "CatchMeGame.csproj", "{67B59F4A-F96B-459B-9AE0-77722F1532B2}"
EndProject
Global
	GlobalSection(SolutionConfigurationPlatforms) = preSolution
		Debug|x86 = Debug|x86
		Release|x86 = Release|x86
	EndGlobalSection
	GlobalSection(ProjectConfigurationPlatforms) = postSolution
		{67B59F4A-F96B-459B-9AE0-77722F1532B2}.Debug|x86.ActiveCfg = Debug|x86
		{67B59F4A-F96B-459B-9AE0-77722F1532B2}.Debug|x86.Build.0 = Debug|x86
		{67B59F4A-F96B-459B-9AE0-77722F1532B2}.Release|x86.ActiveCfg = Release|Any CPU
		{67B59F4A-F96B-459B-9AE0-77722F1532B2}.Release|x86.Build.0 = Release|Any CPU
	EndGlobalSection
	GlobalSection(SolutionProperties) = preSolution
		HideSolutionNode = FALSE
	EndGlobalSection
EndGlobal
