
Microsoft Visual Studio Solution File, Format Version 12.00
# Visual Studio Version 16
VisualStudioVersion = 16.0.30204.135
MinimumVisualStudioVersion = 10.0.40219.1
Project("{FAE04EC0-301F-11D3-BF4B-00C04F79EFBC}") = "Exercise3a", "Exercise3a.csproj", "{6852D48D-FEAA-4B26-A9E1-8D8A3E23C788}"
EndProject
Global
	GlobalSection(SolutionConfigurationPlatforms) = preSolution
		Debug|Any CPU = Debug|Any CPU
		Release|Any CPU = Release|Any CPU
	EndGlobalSection
	GlobalSection(ProjectConfigurationPlatforms) = postSolution
		{6852D48D-FEAA-4B26-A9E1-8D8A3E23C788}.Debug|Any CPU.ActiveCfg = Debug|Any CPU
		{6852D48D-FEAA-4B26-A9E1-8D8A3E23C788}.Debug|Any CPU.Build.0 = Debug|Any CPU
		{6852D48D-FEAA-4B26-A9E1-8D8A3E23C788}.Release|Any CPU.ActiveCfg = Release|Any CPU
		{6852D48D-FEAA-4B26-A9E1-8D8A3E23C788}.Release|Any CPU.Build.0 = Release|Any CPU
	EndGlobalSection
	GlobalSection(SolutionProperties) = preSolution
		HideSolutionNode = FALSE
	EndGlobalSection
	GlobalSection(ExtensibilityGlobals) = postSolution
		SolutionGuid = {A8D3368F-5B8B-49E8-9B17-2602853D3FD3}
	EndGlobalSection
EndGlobal
